
Microsoft Visual Studio Solution File, Format Version 12.00
# Visual Studio Version 17
VisualStudioVersion = 17.8.34525.116
MinimumVisualStudioVersion = 10.0.40219.1
Project("{FAE04EC0-301F-11D3-BF4B-00C04F79EFBC}") = "SistemaInventario", "SistemaInventario\SistemaInventario.csproj", "{DB76EB78-5454-4420-B5A8-EA047DE81669}"
EndProject
Global
	GlobalSection(SolutionConfigurationPlatforms) = preSolution
		Debug|Any CPU = Debug|Any CPU
		Release|Any CPU = Release|Any CPU
	EndGlobalSection
	GlobalSection(ProjectConfigurationPlatforms) = postSolution
		{DB76EB78-5454-4420-B5A8-EA047DE81669}.Debug|Any CPU.ActiveCfg = Debug|Any CPU
		{DB76EB78-5454-4420-B5A8-EA047DE81669}.Debug|Any CPU.Build.0 = Debug|Any CPU
		{DB76EB78-5454-4420-B5A8-EA047DE81669}.Release|Any CPU.ActiveCfg = Release|Any CPU
		{DB76EB78-5454-4420-B5A8-EA047DE81669}.Release|Any CPU.Build.0 = Release|Any CPU
	EndGlobalSection
	GlobalSection(SolutionProperties) = preSolution
		HideSolutionNode = FALSE
	EndGlobalSection
	GlobalSection(ExtensibilityGlobals) = postSolution
		SolutionGuid = {0D248EC3-4424-405B-A5A5-417982C8ED34}
	EndGlobalSection
EndGlobal
