
Microsoft Visual Studio Solution File, Format Version 12.00
# Visual Studio Version 17
VisualStudioVersion = 17.8.34525.116
MinimumVisualStudioVersion = 10.0.40219.1
Project("{9A19103F-16F7-4668-BE54-9A1E7A4F7556}") = "SistemaInventario", "SistemaInventario\SistemaInventario.csproj", "{DB76EB78-5454-4420-B5A8-EA047DE81669}"
EndProject
Project("{9A19103F-16F7-4668-BE54-9A1E7A4F7556}") = "SistemaInventario.AccesoDatos", "SistemaInventario.AccesoDatos\SistemaInventario.AccesoDatos.csproj", "{6AB1FADD-A733-42AC-9B70-A9EEE9A689A7}"
EndProject
Project("{9A19103F-16F7-4668-BE54-9A1E7A4F7556}") = "SistemaInventario.Modelos", "SistemaInventario.Modelos\SistemaInventario.Modelos.csproj", "{CC7E46EC-1779-4FC9-9BD9-CCB7773ABE6C}"
EndProject
Project("{9A19103F-16F7-4668-BE54-9A1E7A4F7556}") = "SistemaInventario.Utilidades", "SistemaInventario.Utilidades\SistemaInventario.Utilidades.csproj", "{1FA9EDA8-E1E8-413D-B1FB-40BDFAE4C159}"
EndProject
Global
	GlobalSection(SolutionConfigurationPlatforms) = preSolution
		Debug|Any CPU = Debug|Any CPU
		Release|Any CPU = Release|Any CPU
	EndGlobalSection
	GlobalSection(ProjectConfigurationPlatforms) = postSolution
		{DB76EB78-5454-4420-B5A8-EA047DE81669}.Debug|Any CPU.ActiveCfg = Debug|Any CPU
		{DB76EB78-5454-4420-B5A8-EA047DE81669}.Debug|Any CPU.Build.0 = Debug|Any CPU
		{DB76EB78-5454-4420-B5A8-EA047DE81669}.Release|Any CPU.ActiveCfg = Release|Any CPU
		{DB76EB78-5454-4420-B5A8-EA047DE81669}.Release|Any CPU.Build.0 = Release|Any CPU
		{6AB1FADD-A733-42AC-9B70-A9EEE9A689A7}.Debug|Any CPU.ActiveCfg = Debug|Any CPU
		{6AB1FADD-A733-42AC-9B70-A9EEE9A689A7}.Debug|Any CPU.Build.0 = Debug|Any CPU
		{6AB1FADD-A733-42AC-9B70-A9EEE9A689A7}.Release|Any CPU.ActiveCfg = Release|Any CPU
		{6AB1FADD-A733-42AC-9B70-A9EEE9A689A7}.Release|Any CPU.Build.0 = Release|Any CPU
		{CC7E46EC-1779-4FC9-9BD9-CCB7773ABE6C}.Debug|Any CPU.ActiveCfg = Debug|Any CPU
		{CC7E46EC-1779-4FC9-9BD9-CCB7773ABE6C}.Debug|Any CPU.Build.0 = Debug|Any CPU
		{CC7E46EC-1779-4FC9-9BD9-CCB7773ABE6C}.Release|Any CPU.ActiveCfg = Release|Any CPU
		{CC7E46EC-1779-4FC9-9BD9-CCB7773ABE6C}.Release|Any CPU.Build.0 = Release|Any CPU
		{1FA9EDA8-E1E8-413D-B1FB-40BDFAE4C159}.Debug|Any CPU.ActiveCfg = Debug|Any CPU
		{1FA9EDA8-E1E8-413D-B1FB-40BDFAE4C159}.Debug|Any CPU.Build.0 = Debug|Any CPU
		{1FA9EDA8-E1E8-413D-B1FB-40BDFAE4C159}.Release|Any CPU.ActiveCfg = Release|Any CPU
		{1FA9EDA8-E1E8-413D-B1FB-40BDFAE4C159}.Release|Any CPU.Build.0 = Release|Any CPU
	EndGlobalSection
	GlobalSection(SolutionProperties) = preSolution
		HideSolutionNode = FALSE
	EndGlobalSection
	GlobalSection(ExtensibilityGlobals) = postSolution
		SolutionGuid = {0D248EC3-4424-405B-A5A5-417982C8ED34}
	EndGlobalSection
EndGlobal
